// !$*UTF8*$!
{
	archiveVersion = 1;
	classes = {
	};
	objectVersion = 46;
	objects = {

/* Begin PBXBuildFile section */
		93341AED1C3E1079002F4E66 /* HotelModelManager.swift in Sources */ = {isa = PBXBuildFile; fileRef = 93341AEC1C3E1079002F4E66 /* HotelModelManager.swift */; };
		93341AEF1C3E11CA002F4E66 /* WebServices.swift in Sources */ = {isa = PBXBuildFile; fileRef = 93341AEE1C3E11CA002F4E66 /* WebServices.swift */; };
		93AC53671C3E1CC20043AC22 /* HotelTableVC.swift in Sources */ = {isa = PBXBuildFile; fileRef = 93AC53661C3E1CC20043AC22 /* HotelTableVC.swift */; };
		93AE5E191C3E0A260040826E /* AppDelegate.swift in Sources */ = {isa = PBXBuildFile; fileRef = 93AE5E181C3E0A260040826E /* AppDelegate.swift */; };
		93AE5E1E1C3E0A260040826E /* Main.storyboard in Resources */ = {isa = PBXBuildFile; fileRef = 93AE5E1C1C3E0A260040826E /* Main.storyboard */; };
		93AE5E201C3E0A260040826E /* Assets.xcassets in Resources */ = {isa = PBXBuildFile; fileRef = 93AE5E1F1C3E0A260040826E /* Assets.xcassets */; };
		93AE5E231C3E0A260040826E /* LaunchScreen.storyboard in Resources */ = {isa = PBXBuildFile; fileRef = 93AE5E211C3E0A260040826E /* LaunchScreen.storyboard */; };
		93AE5E2F1C3E0D890040826E /* HotelDetailVC.swift in Sources */ = {isa = PBXBuildFile; fileRef = 93AE5E2E1C3E0D890040826E /* HotelDetailVC.swift */; };
		93AE5E311C3E0DA70040826E /* HotelMapVC.swift in Sources */ = {isa = PBXBuildFile; fileRef = 93AE5E301C3E0DA70040826E /* HotelMapVC.swift */; };
		93CD1DFA1C3F8A8E00F6AA62 /* HotelsUITests.swift in Sources */ = {isa = PBXBuildFile; fileRef = 93CD1DF91C3F8A8E00F6AA62 /* HotelsUITests.swift */; };
		93F1EFDC1C3F64CF006220DF /* HotelTableViewCell.swift in Sources */ = {isa = PBXBuildFile; fileRef = 93F1EFDB1C3F64CF006220DF /* HotelTableViewCell.swift */; };
		FA7EFB98C78B6A0A7FD3B0BC /* Pods_Hotels.framework in Frameworks */ = {isa = PBXBuildFile; fileRef = 342911B2CC44C1371186E310 /* Pods_Hotels.framework */; };
/* End PBXBuildFile section */

/* Begin PBXContainerItemProxy section */
		93CD1DFC1C3F8A8E00F6AA62 /* PBXContainerItemProxy */ = {
			isa = PBXContainerItemProxy;
			containerPortal = 93AE5E0D1C3E0A260040826E /* Project object */;
			proxyType = 1;
			remoteGlobalIDString = 93AE5E141C3E0A260040826E;
			remoteInfo = Hotels;
		};
/* End PBXContainerItemProxy section */

/* Begin PBXFileReference section */
		342911B2CC44C1371186E310 /* Pods_Hotels.framework */ = {isa = PBXFileReference; explicitFileType = wrapper.framework; includeInIndex = 0; path = Pods_Hotels.framework; sourceTree = BUILT_PRODUCTS_DIR; };
		4CDCE5FED69C76EE167376B0 /* Pods-Hotels.debug.xcconfig */ = {isa = PBXFileReference; includeInIndex = 1; lastKnownFileType = text.xcconfig; name = "Pods-Hotels.debug.xcconfig"; path = "Pods/Target Support Files/Pods-Hotels/Pods-Hotels.debug.xcconfig"; sourceTree = "<group>"; };
		669F0945969FD5C9292CEE77 /* Pods-Hotels.release.xcconfig */ = {isa = PBXFileReference; includeInIndex = 1; lastKnownFileType = text.xcconfig; name = "Pods-Hotels.release.xcconfig"; path = "Pods/Target Support Files/Pods-Hotels/Pods-Hotels.release.xcconfig"; sourceTree = "<group>"; };
		93341AEC1C3E1079002F4E66 /* HotelModelManager.swift */ = {isa = PBXFileReference; fileEncoding = 4; lastKnownFileType = sourcecode.swift; path = HotelModelManager.swift; sourceTree = "<group>"; };
		93341AEE1C3E11CA002F4E66 /* WebServices.swift */ = {isa = PBXFileReference; fileEncoding = 4; lastKnownFileType = sourcecode.swift; path = WebServices.swift; sourceTree = "<group>"; };
		93AC53661C3E1CC20043AC22 /* HotelTableVC.swift */ = {isa = PBXFileReference; fileEncoding = 4; lastKnownFileType = sourcecode.swift; path = HotelTableVC.swift; sourceTree = "<group>"; };
		93AE5E151C3E0A260040826E /* Hotels.app */ = {isa = PBXFileReference; explicitFileType = wrapper.application; includeInIndex = 0; path = Hotels.app; sourceTree = BUILT_PRODUCTS_DIR; };
		93AE5E181C3E0A260040826E /* AppDelegate.swift */ = {isa = PBXFileReference; lastKnownFileType = sourcecode.swift; path = AppDelegate.swift; sourceTree = "<group>"; };
		93AE5E1D1C3E0A260040826E /* Base */ = {isa = PBXFileReference; lastKnownFileType = file.storyboard; name = Base; path = Base.lproj/Main.storyboard; sourceTree = "<group>"; };
		93AE5E1F1C3E0A260040826E /* Assets.xcassets */ = {isa = PBXFileReference; lastKnownFileType = folder.assetcatalog; path = Assets.xcassets; sourceTree = "<group>"; };
		93AE5E221C3E0A260040826E /* Base */ = {isa = PBXFileReference; lastKnownFileType = file.storyboard; name = Base; path = Base.lproj/LaunchScreen.storyboard; sourceTree = "<group>"; };
		93AE5E241C3E0A260040826E /* Info.plist */ = {isa = PBXFileReference; lastKnownFileType = text.plist.xml; path = Info.plist; sourceTree = "<group>"; };
		93AE5E2E1C3E0D890040826E /* HotelDetailVC.swift */ = {isa = PBXFileReference; fileEncoding = 4; lastKnownFileType = sourcecode.swift; path = HotelDetailVC.swift; sourceTree = "<group>"; };
		93AE5E301C3E0DA70040826E /* HotelMapVC.swift */ = {isa = PBXFileReference; fileEncoding = 4; lastKnownFileType = sourcecode.swift; path = HotelMapVC.swift; sourceTree = "<group>"; };
		93CD1DF71C3F8A8E00F6AA62 /* HotelsUITests.xctest */ = {isa = PBXFileReference; explicitFileType = wrapper.cfbundle; includeInIndex = 0; path = HotelsUITests.xctest; sourceTree = BUILT_PRODUCTS_DIR; };
		93CD1DF91C3F8A8E00F6AA62 /* HotelsUITests.swift */ = {isa = PBXFileReference; lastKnownFileType = sourcecode.swift; path = HotelsUITests.swift; sourceTree = "<group>"; };
		93CD1DFB1C3F8A8E00F6AA62 /* Info.plist */ = {isa = PBXFileReference; lastKnownFileType = text.plist.xml; path = Info.plist; sourceTree = "<group>"; };
		93F1EFDB1C3F64CF006220DF /* HotelTableViewCell.swift */ = {isa = PBXFileReference; fileEncoding = 4; lastKnownFileType = sourcecode.swift; path = HotelTableViewCell.swift; sourceTree = "<group>"; };
/* End PBXFileReference section */

/* Begin PBXFrameworksBuildPhase section */
		93AE5E121C3E0A260040826E /* Frameworks */ = {
			isa = PBXFrameworksBuildPhase;
			buildActionMask = 2147483647;
			files = (
				FA7EFB98C78B6A0A7FD3B0BC /* Pods_Hotels.framework in Frameworks */,
			);
			runOnlyForDeploymentPostprocessing = 0;
		};
		93CD1DF41C3F8A8E00F6AA62 /* Frameworks */ = {
			isa = PBXFrameworksBuildPhase;
			buildActionMask = 2147483647;
			files = (
			);
			runOnlyForDeploymentPostprocessing = 0;
		};
/* End PBXFrameworksBuildPhase section */

/* Begin PBXGroup section */
		6969505E0114466B4F4475B4 /* Pods */ = {
			isa = PBXGroup;
			children = (
				4CDCE5FED69C76EE167376B0 /* Pods-Hotels.debug.xcconfig */,
				669F0945969FD5C9292CEE77 /* Pods-Hotels.release.xcconfig */,
			);
			name = Pods;
			sourceTree = "<group>";
		};
		93AE5E0C1C3E0A260040826E = {
			isa = PBXGroup;
			children = (
				93AE5E171C3E0A260040826E /* Hotels */,
				93CD1DF81C3F8A8E00F6AA62 /* HotelsUITests */,
				93AE5E161C3E0A260040826E /* Products */,
				6969505E0114466B4F4475B4 /* Pods */,
				CBC939E1A40B7EDF9290EC66 /* Frameworks */,
			);
			sourceTree = "<group>";
		};
		93AE5E161C3E0A260040826E /* Products */ = {
			isa = PBXGroup;
			children = (
				93AE5E151C3E0A260040826E /* Hotels.app */,
				93CD1DF71C3F8A8E00F6AA62 /* HotelsUITests.xctest */,
			);
			name = Products;
			sourceTree = "<group>";
		};
		93AE5E171C3E0A260040826E /* Hotels */ = {
			isa = PBXGroup;
			children = (
				93AE5E181C3E0A260040826E /* AppDelegate.swift */,
				93AE5E1C1C3E0A260040826E /* Main.storyboard */,
				93AC53661C3E1CC20043AC22 /* HotelTableVC.swift */,
				93F1EFDB1C3F64CF006220DF /* HotelTableViewCell.swift */,
				93AE5E2E1C3E0D890040826E /* HotelDetailVC.swift */,
				93AE5E301C3E0DA70040826E /* HotelMapVC.swift */,
				93341AEC1C3E1079002F4E66 /* HotelModelManager.swift */,
				93341AEE1C3E11CA002F4E66 /* WebServices.swift */,
				93AE5E1F1C3E0A260040826E /* Assets.xcassets */,
				93AE5E211C3E0A260040826E /* LaunchScreen.storyboard */,
				93AE5E241C3E0A260040826E /* Info.plist */,
			);
			path = Hotels;
			sourceTree = "<group>";
		};
		93CD1DF81C3F8A8E00F6AA62 /* HotelsUITests */ = {
			isa = PBXGroup;
			children = (
				93CD1DF91C3F8A8E00F6AA62 /* HotelsUITests.swift */,
				93CD1DFB1C3F8A8E00F6AA62 /* Info.plist */,
			);
			path = HotelsUITests;
			sourceTree = "<group>";
		};
		CBC939E1A40B7EDF9290EC66 /* Frameworks */ = {
			isa = PBXGroup;
			children = (
				342911B2CC44C1371186E310 /* Pods_Hotels.framework */,
			);
			name = Frameworks;
			sourceTree = "<group>";
		};
/* End PBXGroup section */

/* Begin PBXNativeTarget section */
		93AE5E141C3E0A260040826E /* Hotels */ = {
			isa = PBXNativeTarget;
			buildConfigurationList = 93AE5E271C3E0A260040826E /* Build configuration list for PBXNativeTarget "Hotels" */;
			buildPhases = (
				5D079929C1606886C78EA2B1 /* Check Pods Manifest.lock */,
				93AE5E111C3E0A260040826E /* Sources */,
				93AE5E121C3E0A260040826E /* Frameworks */,
				93AE5E131C3E0A260040826E /* Resources */,
				0A0730B7B11D014C33F93A01 /* Embed Pods Frameworks */,
				A05CDF0ED15D1D715C21293C /* Copy Pods Resources */,
			);
			buildRules = (
			);
			dependencies = (
			);
			name = Hotels;
			productName = Hotels;
			productReference = 93AE5E151C3E0A260040826E /* Hotels.app */;
			productType = "com.apple.product-type.application";
		};
		93CD1DF61C3F8A8E00F6AA62 /* HotelsUITests */ = {
			isa = PBXNativeTarget;
			buildConfigurationList = 93CD1E001C3F8A8E00F6AA62 /* Build configuration list for PBXNativeTarget "HotelsUITests" */;
			buildPhases = (
				93CD1DF31C3F8A8E00F6AA62 /* Sources */,
				93CD1DF41C3F8A8E00F6AA62 /* Frameworks */,
				93CD1DF51C3F8A8E00F6AA62 /* Resources */,
			);
			buildRules = (
			);
			dependencies = (
				93CD1DFD1C3F8A8E00F6AA62 /* PBXTargetDependency */,
			);
			name = HotelsUITests;
			productName = HotelsUITests;
			productReference = 93CD1DF71C3F8A8E00F6AA62 /* HotelsUITests.xctest */;
			productType = "com.apple.product-type.bundle.ui-testing";
		};
/* End PBXNativeTarget section */

/* Begin PBXProject section */
		93AE5E0D1C3E0A260040826E /* Project object */ = {
			isa = PBXProject;
			attributes = {
				LastSwiftUpdateCheck = 0720;
				LastUpgradeCheck = 0720;
				ORGANIZATIONNAME = "Rob Norback";
				TargetAttributes = {
					93AE5E141C3E0A260040826E = {
						CreatedOnToolsVersion = 7.2;
					};
					93CD1DF61C3F8A8E00F6AA62 = {
						CreatedOnToolsVersion = 7.2;
						TestTargetID = 93AE5E141C3E0A260040826E;
					};
				};
			};
			buildConfigurationList = 93AE5E101C3E0A260040826E /* Build configuration list for PBXProject "Hotels" */;
			compatibilityVersion = "Xcode 3.2";
			developmentRegion = English;
			hasScannedForEncodings = 0;
			knownRegions = (
				en,
				Base,
			);
			mainGroup = 93AE5E0C1C3E0A260040826E;
			productRefGroup = 93AE5E161C3E0A260040826E /* Products */;
			projectDirPath = "";
			projectRoot = "";
			targets = (
				93AE5E141C3E0A260040826E /* Hotels */,
				93CD1DF61C3F8A8E00F6AA62 /* HotelsUITests */,
			);
		};
/* End PBXProject section */

/* Begin PBXResourcesBuildPhase section */
		93AE5E131C3E0A260040826E /* Resources */ = {
			isa = PBXResourcesBuildPhase;
			buildActionMask = 2147483647;
			files = (
				93AE5E231C3E0A260040826E /* LaunchScreen.storyboard in Resources */,
				93AE5E201C3E0A260040826E /* Assets.xcassets in Resources */,
				93AE5E1E1C3E0A260040826E /* Main.storyboard in Resources */,
			);
			runOnlyForDeploymentPostprocessing = 0;
		};
		93CD1DF51C3F8A8E00F6AA62 /* Resources */ = {
			isa = PBXResourcesBuildPhase;
			buildActionMask = 2147483647;
			files = (
			);
			runOnlyForDeploymentPostprocessing = 0;
		};
/* End PBXResourcesBuildPhase section */

/* Begin PBXShellScriptBuildPhase section */
		0A0730B7B11D014C33F93A01 /* Embed Pods Frameworks */ = {
			isa = PBXShellScriptBuildPhase;
			buildActionMask = 2147483647;
			files = (
			);
			inputPaths = (
			);
			name = "Embed Pods Frameworks";
			outputPaths = (
			);
			runOnlyForDeploymentPostprocessing = 0;
			shellPath = /bin/sh;
			shellScript = "\"${SRCROOT}/Pods/Target Support Files/Pods-Hotels/Pods-Hotels-frameworks.sh\"\n";
			showEnvVarsInLog = 0;
		};
		5D079929C1606886C78EA2B1 /* Check Pods Manifest.lock */ = {
			isa = PBXShellScriptBuildPhase;
			buildActionMask = 2147483647;
			files = (
			);
			inputPaths = (
			);
			name = "Check Pods Manifest.lock";
			outputPaths = (
			);
			runOnlyForDeploymentPostprocessing = 0;
			shellPath = /bin/sh;
			shellScript = "diff \"${PODS_ROOT}/../Podfile.lock\" \"${PODS_ROOT}/Manifest.lock\" > /dev/null\nif [[ $? != 0 ]] ; then\n    cat << EOM\nerror: The sandbox is not in sync with the Podfile.lock. Run 'pod install' or update your CocoaPods installation.\nEOM\n    exit 1\nfi\n";
			showEnvVarsInLog = 0;
		};
		A05CDF0ED15D1D715C21293C /* Copy Pods Resources */ = {
			isa = PBXShellScriptBuildPhase;
			buildActionMask = 2147483647;
			files = (
			);
			inputPaths = (
			);
			name = "Copy Pods Resources";
			outputPaths = (
			);
			runOnlyForDeploymentPostprocessing = 0;
			shellPath = /bin/sh;
			shellScript = "\"${SRCROOT}/Pods/Target Support Files/Pods-Hotels/Pods-Hotels-resources.sh\"\n";
			showEnvVarsInLog = 0;
		};
/* End PBXShellScriptBuildPhase section */

/* Begin PBXSourcesBuildPhase section */
		93AE5E111C3E0A260040826E /* Sources */ = {
			isa = PBXSourcesBuildPhase;
			buildActionMask = 2147483647;
			files = (
				93341AED1C3E1079002F4E66 /* HotelModelManager.swift in Sources */,
				93341AEF1C3E11CA002F4E66 /* WebServices.swift in Sources */,
				93AC53671C3E1CC20043AC22 /* HotelTableVC.swift in Sources */,
				93F1EFDC1C3F64CF006220DF /* HotelTableViewCell.swift in Sources */,
				93AE5E2F1C3E0D890040826E /* HotelDetailVC.swift in Sources */,
				93AE5E311C3E0DA70040826E /* HotelMapVC.swift in Sources */,
				93AE5E191C3E0A260040826E /* AppDelegate.swift in Sources */,
			);
			runOnlyForDeploymentPostprocessing = 0;
		};
		93CD1DF31C3F8A8E00F6AA62 /* Sources */ = {
			isa = PBXSourcesBuildPhase;
			buildActionMask = 2147483647;
			files = (
				93CD1DFA1C3F8A8E00F6AA62 /* HotelsUITests.swift in Sources */,
			);
			runOnlyForDeploymentPostprocessing = 0;
		};
/* End PBXSourcesBuildPhase section */

/* Begin PBXTargetDependency section */
		93CD1DFD1C3F8A8E00F6AA62 /* PBXTargetDependency */ = {
			isa = PBXTargetDependency;
			target = 93AE5E141C3E0A260040826E /* Hotels */;
			targetProxy = 93CD1DFC1C3F8A8E00F6AA62 /* PBXContainerItemProxy */;
		};
/* End PBXTargetDependency section */

/* Begin PBXVariantGroup section */
		93AE5E1C1C3E0A260040826E /* Main.storyboard */ = {
			isa = PBXVariantGroup;
			children = (
				93AE5E1D1C3E0A260040826E /* Base */,
			);
			name = Main.storyboard;
			sourceTree = "<group>";
		};
		93AE5E211C3E0A260040826E /* LaunchScreen.storyboard */ = {
			isa = PBXVariantGroup;
			children = (
				93AE5E221C3E0A260040826E /* Base */,
			);
			name = LaunchScreen.storyboard;
			sourceTree = "<group>";
		};
/* End PBXVariantGroup section */

/* Begin XCBuildConfiguration section */
		93AE5E251C3E0A260040826E /* Debug */ = {
			isa = XCBuildConfiguration;
			buildSettings = {
				ALWAYS_SEARCH_USER_PATHS = NO;
				CLANG_CXX_LANGUAGE_STANDARD = "gnu++0x";
				CLANG_CXX_LIBRARY = "libc++";
				CLANG_ENABLE_MODULES = YES;
				CLANG_ENABLE_OBJC_ARC = YES;
				CLANG_WARN_BOOL_CONVERSION = YES;
				CLANG_WARN_CONSTANT_CONVERSION = YES;
				CLANG_WARN_DIRECT_OBJC_ISA_USAGE = YES_ERROR;
				CLANG_WARN_EMPTY_BODY = YES;
				CLANG_WARN_ENUM_CONVERSION = YES;
				CLANG_WARN_INT_CONVERSION = YES;
				CLANG_WARN_OBJC_ROOT_CLASS = YES_ERROR;
				CLANG_WARN_UNREACHABLE_CODE = YES;
				CLANG_WARN__DUPLICATE_METHOD_MATCH = YES;
				"CODE_SIGN_IDENTITY[sdk=iphoneos*]" = "iPhone Developer";
				COPY_PHASE_STRIP = NO;
				DEBUG_INFORMATION_FORMAT = dwarf;
				ENABLE_STRICT_OBJC_MSGSEND = YES;
				ENABLE_TESTABILITY = YES;
				GCC_C_LANGUAGE_STANDARD = gnu99;
				GCC_DYNAMIC_NO_PIC = NO;
				GCC_NO_COMMON_BLOCKS = YES;
				GCC_OPTIMIZATION_LEVEL = 0;
				GCC_PREPROCESSOR_DEFINITIONS = (
					"DEBUG=1",
					"$(inherited)",
				);
				GCC_WARN_64_TO_32_BIT_CONVERSION = YES;
				GCC_WARN_ABOUT_RETURN_TYPE = YES_ERROR;
				GCC_WARN_UNDECLARED_SELECTOR = YES;
				GCC_WARN_UNINITIALIZED_AUTOS = YES_AGGRESSIVE;
				GCC_WARN_UNUSED_FUNCTION = YES;
				GCC_WARN_UNUSED_VARIABLE = YES;
				IPHONEOS_DEPLOYMENT_TARGET = 9.2;
				MTL_ENABLE_DEBUG_INFO = YES;
				ONLY_ACTIVE_ARCH = YES;
				SDKROOT = iphoneos;
				SWIFT_OPTIMIZATION_LEVEL = "-Onone";
				TARGETED_DEVICE_FAMILY = "1,2";
			};
			name = Debug;
		};
		93AE5E261C3E0A260040826E /* Release */ = {
			isa = XCBuildConfiguration;
			buildSettings = {
				ALWAYS_SEARCH_USER_PATHS = NO;
				CLANG_CXX_LANGUAGE_STANDARD = "gnu++0x";
				CLANG_CXX_LIBRARY = "libc++";
				CLANG_ENABLE_MODULES = YES;
				CLANG_ENABLE_OBJC_ARC = YES;
				CLANG_WARN_BOOL_CONVERSION = YES;
				CLANG_WARN_CONSTANT_CONVERSION = YES;
				CLANG_WARN_DIRECT_OBJC_ISA_USAGE = YES_ERROR;
				CLANG_WARN_EMPTY_BODY = YES;
				CLANG_WARN_ENUM_CONVERSION = YES;
				CLANG_WARN_INT_CONVERSION = YES;
				CLANG_WARN_OBJC_ROOT_CLASS = YES_ERROR;
				CLANG_WARN_UNREACHABLE_CODE = YES;
				CLANG_WARN__DUPLICATE_METHOD_MATCH = YES;
				"CODE_SIGN_IDENTITY[sdk=iphoneos*]" = "iPhone Developer";
				COPY_PHASE_STRIP = NO;
				DEBUG_INFORMATION_FORMAT = "dwarf-with-dsym";
				ENABLE_NS_ASSERTIONS = NO;
				ENABLE_STRICT_OBJC_MSGSEND = YES;
				GCC_C_LANGUAGE_STANDARD = gnu99;
				GCC_NO_COMMON_BLOCKS = YES;
				GCC_WARN_64_TO_32_BIT_CONVERSION = YES;
				GCC_WARN_ABOUT_RETURN_TYPE = YES_ERROR;
				GCC_WARN_UNDECLARED_SELECTOR = YES;
				GCC_WARN_UNINITIALIZED_AUTOS = YES_AGGRESSIVE;
				GCC_WARN_UNUSED_FUNCTION = YES;
				GCC_WARN_UNUSED_VARIABLE = YES;
				IPHONEOS_DEPLOYMENT_TARGET = 9.2;
				MTL_ENABLE_DEBUG_INFO = NO;
				SDKROOT = iphoneos;
				TARGETED_DEVICE_FAMILY = "1,2";
				VALIDATE_PRODUCT = YES;
			};
			name = Release;
		};
		93AE5E281C3E0A260040826E /* Debug */ = {
			isa = XCBuildConfiguration;
			baseConfigurationReference = 4CDCE5FED69C76EE167376B0 /* Pods-Hotels.debug.xcconfig */;
			buildSettings = {
				ASSETCATALOG_COMPILER_APPICON_NAME = AppIcon;
				INFOPLIST_FILE = Hotels/Info.plist;
				LD_RUNPATH_SEARCH_PATHS = "$(inherited) @executable_path/Frameworks";
				PRODUCT_BUNDLE_IDENTIFIER = com.robnorback.Hotels;
				PRODUCT_NAME = "$(TARGET_NAME)";
			};
			name = Debug;
		};
		93AE5E291C3E0A260040826E /* Release */ = {
			isa = XCBuildConfiguration;
			baseConfigurationReference = 669F0945969FD5C9292CEE77 /* Pods-Hotels.release.xcconfig */;
			buildSettings = {
				ASSETCATALOG_COMPILER_APPICON_NAME = AppIcon;
				INFOPLIST_FILE = Hotels/Info.plist;
				LD_RUNPATH_SEARCH_PATHS = "$(inherited) @executable_path/Frameworks";
				PRODUCT_BUNDLE_IDENTIFIER = com.robnorback.Hotels;
				PRODUCT_NAME = "$(TARGET_NAME)";
			};
			name = Release;
		};
		93CD1DFE1C3F8A8E00F6AA62 /* Debug */ = {
			isa = XCBuildConfiguration;
			buildSettings = {
				INFOPLIST_FILE = HotelsUITests/Info.plist;
				LD_RUNPATH_SEARCH_PATHS = "$(inherited) @executable_path/Frameworks @loader_path/Frameworks";
				PRODUCT_BUNDLE_IDENTIFIER = com.robnorback.HotelsUITests;
				PRODUCT_NAME = "$(TARGET_NAME)";
				TEST_TARGET_NAME = Hotels;
				USES_XCTRUNNER = YES;
			};
			name = Debug;
		};
		93CD1DFF1C3F8A8E00F6AA62 /* Release */ = {
			isa = XCBuildConfiguration;
			buildSettings = {
				INFOPLIST_FILE = HotelsUITests/Info.plist;
				LD_RUNPATH_SEARCH_PATHS = "$(inherited) @executable_path/Frameworks @loader_path/Frameworks";
				PRODUCT_BUNDLE_IDENTIFIER = com.robnorback.HotelsUITests;
				PRODUCT_NAME = "$(TARGET_NAME)";
				TEST_TARGET_NAME = Hotels;
				USES_XCTRUNNER = YES;
			};
			name = Release;
		};
/* End XCBuildConfiguration section */

/* Begin XCConfigurationList section */
		93AE5E101C3E0A260040826E /* Build configuration list for PBXProject "Hotels" */ = {
			isa = XCConfigurationList;
			buildConfigurations = (
				93AE5E251C3E0A260040826E /* Debug */,
				93AE5E261C3E0A260040826E /* Release */,
			);
			defaultConfigurationIsVisible = 0;
			defaultConfigurationName = Release;
		};
		93AE5E271C3E0A260040826E /* Build configuration list for PBXNativeTarget "Hotels" */ = {
			isa = XCConfigurationList;
			buildConfigurations = (
				93AE5E281C3E0A260040826E /* Debug */,
				93AE5E291C3E0A260040826E /* Release */,
			);
			defaultConfigurationIsVisible = 0;
			defaultConfigurationName = Release;
		};
		93CD1E001C3F8A8E00F6AA62 /* Build configuration list for PBXNativeTarget "HotelsUITests" */ = {
			isa = XCConfigurationList;
			buildConfigurations = (
				93CD1DFE1C3F8A8E00F6AA62 /* Debug */,
				93CD1DFF1C3F8A8E00F6AA62 /* Release */,
			);
			defaultConfigurationIsVisible = 0;
		};
/* End XCConfigurationList section */
	};
	rootObject = 93AE5E0D1C3E0A260040826E /* Project object */;
}
